
Microsoft Visual Studio Solution File, Format Version 12.00
# Visual Studio 15
VisualStudioVersion = 15.0.27703.2026
MinimumVisualStudioVersion = 10.0.40219.1
Project("{FAE04EC0-301F-11D3-BF4B-00C04F79EFBC}") = "WY Connector", "WY Connector\WY Connector.csproj", "{66FF6764-3171-4995-9FDC-7A5A7F6B133C}"
EndProject
Global
	GlobalSection(SolutionConfigurationPlatforms) = preSolution
		Debug|Any CPU = Debug|Any CPU
		Release|Any CPU = Release|Any CPU
	EndGlobalSection
	GlobalSection(ProjectConfigurationPlatforms) = postSolution
		{66FF6764-3171-4995-9FDC-7A5A7F6B133C}.Debug|Any CPU.ActiveCfg = Debug|Any CPU
		{66FF6764-3171-4995-9FDC-7A5A7F6B133C}.Debug|Any CPU.Build.0 = Debug|Any CPU
		{66FF6764-3171-4995-9FDC-7A5A7F6B133C}.Release|Any CPU.ActiveCfg = Release|Any CPU
		{66FF6764-3171-4995-9FDC-7A5A7F6B133C}.Release|Any CPU.Build.0 = Release|Any CPU
	EndGlobalSection
	GlobalSection(SolutionProperties) = preSolution
		HideSolutionNode = FALSE
	EndGlobalSection
	GlobalSection(ExtensibilityGlobals) = postSolution
		SolutionGuid = {C684FB13-196E-4991-8364-E5099D446DE6}
	EndGlobalSection
EndGlobal
